// !$*UTF8*$!
{
	archiveVersion = 1;
	classes = {
	};
	objectVersion = 77;
	objects = {

/* Begin PBXContainerItemProxy section */
		5F88CD6630073E2400221779 /* PBXContainerItemProxy */ = {
			isa = PBXContainerItemProxy;
			containerPortal = 5F88CD4C30073E2200221779 /* Project object */;
			proxyType = 1;
			remoteGlobalIDString = 5F88CD5330073E2200221779;
			remoteInfo = Sip;
		};
		5F88CD7030073E2400221779 /* PBXContainerItemProxy */ = {
			isa = PBXContainerItemProxy;
			containerPortal = 5F88CD4C30073E2200221779 /* Project object */;
			proxyType = 1;
			remoteGlobalIDString = 5F88CD5330073E2200221779;
			remoteInfo = Sip;
		};
/* End PBXContainerItemProxy section */

/* Begin PBXFileReference section */
		5F88CD5430073E2200221779 /* Sip.app */ = {isa = PBXFileReference; explicitFileType = wrapper.application; includeInIndex = 0; path = Sip.app; sourceTree = BUILT_PRODUCTS_DIR; };
		5F88CD6530073E2400221779 /* SipTests.xctest */ = {isa = PBXFileReference; explicitFileType = wrapper.cfbundle; includeInIndex = 0; path = SipTests.xctest; sourceTree = BUILT_PRODUCTS_DIR; };
		5F88CD6F30073E2400221779 /* SipUITests.xctest */ = {isa = PBXFileReference; explicitFileType = wrapper.cfbundle; includeInIndex = 0; path = SipUITests.xctest; sourceTree = BUILT_PRODUCTS_DIR; };
/* End PBXFileReference section */

/* Begin PBXFileSystemSynchronizedRootGroup section */
		5F88CD5630073E2200221779 /* Sip */ = {
			isa = PBXFileSystemSynchronizedRootGroup;
			path = Sip;
			sourceTree = "<group>";
		};
		5F88CD6830073E2400221779 /* SipTests */ = {
			isa = PBXFileSystemSynchronizedRootGroup;
			path = SipTests;
			sourceTree = "<group>";
		};
		5F88CD7230073E2400221779 /* SipUITests */ = {
			isa = PBXFileSystemSynchronizedRootGroup;
			path = SipUITests;
			sourceTree = "<group>";
		};
/* End PBXFileSystemSynchronizedRootGroup section */

/* Begin PBXFrameworksBuildPhase section */
		5F88CD5130073E2200221779 /* Frameworks */ = {
			isa = PBXFrameworksBuildPhase;
			buildActionMask = 2147483647;
			files = (
			);
			runOnlyForDeploymentPostprocessing = 0;
		};
		5F88CD6230073E2400221779 /* Frameworks */ = {
			isa = PBXFrameworksBuildPhase;
			buildActionMask = 2147483647;
			files = (
			);
			runOnlyForDeploymentPostprocessing = 0;
		};
		5F88CD6C30073E2400221779 /* Frameworks */ = {
			isa = PBXFrameworksBuildPhase;
			buildActionMask = 2147483647;
			files = (
			);
			runOnlyForDeploymentPostprocessing = 0;
		};
/* End PBXFrameworksBuildPhase section */

/* Begin PBXGroup section */
		5F88CD4B30073E2200221779 = {
			isa = PBXGroup;
			children = (
				5F88CD5630073E2200221779 /* Sip */,
				5F88CD6830073E2400221779 /* SipTests */,
				5F88CD7230073E2400221779 /* SipUITests */,
				5F88CD5530073E2200221779 /* Products */,
			);
			sourceTree = "<group>";
		};
		5F88CD5530073E2200221779 /* Products */ = {
			isa = PBXGroup;
			children = (
				5F88CD5430073E2200221779 /* Sip.app */,
				5F88CD6530073E2400221779 /* SipTests.xctest */,
				5F88CD6F30073E2400221779 /* SipUITests.xctest */,
			);
			name = Products;
			sourceTree = "<group>";
		};
/* End PBXGroup section */

/* Begin PBXNativeTarget section */
		5F88CD5330073E2200221779 /* Sip */ = {
			isa = PBXNativeTarget;
			buildConfigurationList = 5F88CD7930073E2400221779 /* Build configuration list for PBXNativeTarget "Sip" */;
			buildPhases = (
				5F88CD5030073E2200221779 /* Sources */,
				5F88CD5130073E2200221779 /* Frameworks */,
				5F88CD5230073E2200221779 /* Resources */,
			);
			buildRules = (
			);
			dependencies = (
			);
			fileSystemSynchronizedGroups = (
				5F88CD5630073E2200221779 /* Sip */,
			);
			name = Sip;
			packageProductDependencies = (
			);
			productName = Sip;
			productReference = 5F88CD5430073E2200221779 /* Sip.app */;
			productType = "com.apple.product-type.application";
		};
		5F88CD6430073E2400221779 /* SipTests */ = {
			isa = PBXNativeTarget;
			buildConfigurationList = 5F88CD7C30073E2400221779 /* Build configuration list for PBXNativeTarget "SipTests" */;
			buildPhases = (
				5F88CD6130073E2400221779 /* Sources */,
				5F88CD6230073E2400221779 /* Frameworks */,
				5F88CD6330073E2400221779 /* Resources */,
			);
			buildRules = (
			);
			dependencies = (
				5F88CD6730073E2400221779 /* PBXTargetDependency */,
			);
			fileSystemSynchronizedGroups = (
				5F88CD6830073E2400221779 /* SipTests */,
			);
			name = SipTests;
			packageProductDependencies = (
			);
			productName = SipTests;
			productReference = 5F88CD6530073E2400221779 /* SipTests.xctest */;
			productType = "com.apple.product-type.bundle.unit-test";
		};
		5F88CD6E30073E2400221779 /* SipUITests */ = {
			isa = PBXNativeTarget;
			buildConfigurationList = 5F88CD7F30073E2400221779 /* Build configuration list for PBXNativeTarget "SipUITests" */;
			buildPhases = (
				5F88CD6B30073E2400221779 /* Sources */,
				5F88CD6C30073E2400221779 /* Frameworks */,
				5F88CD6D30073E2400221779 /* Resources */,
			);
			buildRules = (
			);
			dependencies = (
				5F88CD7130073E2400221779 /* PBXTargetDependency */,
			);
			fileSystemSynchronizedGroups = (
				5F88CD7230073E2400221779 /* SipUITests */,
			);
			name = SipUITests;
			packageProductDependencies = (
			);
			productName = SipUITests;
			productReference = 5F88CD6F30073E2400221779 /* SipUITests.xctest */;
			productType = "com.apple.product-type.bundle.ui-testing";
		};
/* End PBXNativeTarget section */

/* Begin PBXProject section */
		5F88CD4C30073E2200221779 /* Project object */ = {
			isa = PBXProject;
			attributes = {
				BuildIndependentTargetsInParallel = 1;
				LastSwiftUpdateCheck = 1620;
				LastUpgradeCheck = 1620;
				TargetAttributes = {
					5F88CD5330073E2200221779 = {
						CreatedOnToolsVersion = 16.2;
					};
					5F88CD6430073E2400221779 = {
						CreatedOnToolsVersion = 16.2;
						TestTargetID = 5F88CD5330073E2200221779;
					};
					5F88CD6E30073E2400221779 = {
						CreatedOnToolsVersion = 16.2;
						TestTargetID = 5F88CD5330073E2200221779;
					};
				};
			};
			buildConfigurationList = 5F88CD4F30073E2200221779 /* Build configuration list for PBXProject "Sip" */;
			developmentRegion = en;
			hasScannedForEncodings = 0;
			knownRegions = (
				en,
				Base,
				"zh-Hans",
			);
			mainGroup = 5F88CD4B30073E2200221779;
			minimizedProjectReferenceProxies = 1;
			preferredProjectObjectVersion = 77;
			productRefGroup = 5F88CD5530073E2200221779 /* Products */;
			projectDirPath = "";
			projectRoot = "";
			targets = (
				5F88CD5330073E2200221779 /* Sip */,
				5F88CD6430073E2400221779 /* SipTests */,
				5F88CD6E30073E2400221779 /* SipUITests */,
			);
		};
/* End PBXProject section */

/* Begin PBXResourcesBuildPhase section */
		5F88CD5230073E2200221779 /* Resources */ = {
			isa = PBXResourcesBuildPhase;
			buildActionMask = 2147483647;
			files = (
			);
			runOnlyForDeploymentPostprocessing = 0;
		};
		5F88CD6330073E2400221779 /* Resources */ = {
			isa = PBXResourcesBuildPhase;
			buildActionMask = 2147483647;
			files = (
			);
			runOnlyForDeploymentPostprocessing = 0;
		};
		5F88CD6D30073E2400221779 /* Resources */ = {
			isa = PBXResourcesBuildPhase;
			buildActionMask = 2147483647;
			files = (
			);
			runOnlyForDeploymentPostprocessing = 0;
		};
/* End PBXResourcesBuildPhase section */

/* Begin PBXSourcesBuildPhase section */
		5F88CD5030073E2200221779 /* Sources */ = {
			isa = PBXSourcesBuildPhase;
			buildActionMask = 2147483647;
			files = (
			);
			runOnlyForDeploymentPostprocessing = 0;
		};
		5F88CD6130073E2400221779 /* Sources */ = {
			isa = PBXSourcesBuildPhase;
			buildActionMask = 2147483647;
			files = (
			);
			runOnlyForDeploymentPostprocessing = 0;
		};
		5F88CD6B30073E2400221779 /* Sources */ = {
			isa = PBXSourcesBuildPhase;
			buildActionMask = 2147483647;
			files = (
			);
			runOnlyForDeploymentPostprocessing = 0;
		};
/* End PBXSourcesBuildPhase section */

/* Begin PBXTargetDependency section */
		5F88CD6730073E2400221779 /* PBXTargetDependency */ = {
			isa = PBXTargetDependency;
			target = 5F88CD5330073E2200221779 /* Sip */;
			targetProxy = 5F88CD6630073E2400221779 /* PBXContainerItemProxy */;
		};
		5F88CD7130073E2400221779 /* PBXTargetDependency */ = {
			isa = PBXTargetDependency;
			target = 5F88CD5330073E2200221779 /* Sip */;
			targetProxy = 5F88CD7030073E2400221779 /* PBXContainerItemProxy */;
		};
/* End PBXTargetDependency section */

/* Begin XCBuildConfiguration section */
		5F88CD7730073E2400221779 /* Debug */ = {
			isa = XCBuildConfiguration;
			buildSettings = {
				ALWAYS_SEARCH_USER_PATHS = NO;
				ASSETCATALOG_COMPILER_GENERATE_SWIFT_ASSET_SYMBOL_EXTENSIONS = YES;
				CLANG_ANALYZER_NONNULL = YES;
				CLANG_ANALYZER_NUMBER_OBJECT_CONVERSION = YES_AGGRESSIVE;
				CLANG_CXX_LANGUAGE_STANDARD = "gnu++20";
				CLANG_ENABLE_MODULES = YES;
				CLANG_ENABLE_OBJC_ARC = YES;
				CLANG_ENABLE_OBJC_WEAK = YES;
				CLANG_WARN_BLOCK_CAPTURE_AUTORELEASING = YES;
				CLANG_WARN_BOOL_CONVERSION = YES;
				CLANG_WARN_COMMA = YES;
				CLANG_WARN_CONSTANT_CONVERSION = YES;
				CLANG_WARN_DEPRECATED_OBJC_IMPLEMENTATIONS = YES;
				CLANG_WARN_DIRECT_OBJC_ISA_USAGE = YES_ERROR;
				CLANG_WARN_DOCUMENTATION_COMMENTS = YES;
				CLANG_WARN_EMPTY_BODY = YES;
				CLANG_WARN_ENUM_CONVERSION = YES;
				CLANG_WARN_INFINITE_RECURSION = YES;
				CLANG_WARN_INT_CONVERSION = YES;
				CLANG_WARN_NON_LITERAL_NULL_CONVERSION = YES;
				CLANG_WARN_OBJC_IMPLICIT_RETAIN_SELF = YES;
				CLANG_WARN_OBJC_LITERAL_CONVERSION = YES;
				CLANG_WARN_OBJC_ROOT_CLASS = YES_ERROR;
				CLANG_WARN_QUOTED_INCLUDE_IN_FRAMEWORK_HEADER = YES;
				CLANG_WARN_RANGE_LOOP_ANALYSIS = YES;
				CLANG_WARN_STRICT_PROTOTYPES = YES;
				CLANG_WARN_SUSPICIOUS_MOVE = YES;
				CLANG_WARN_UNGUARDED_AVAILABILITY = YES_AGGRESSIVE;
				CLANG_WARN_UNREACHABLE_CODE = YES;
				CLANG_WARN__DUPLICATE_METHOD_MATCH = YES;
				COPY_PHASE_STRIP = NO;
				DEBUG_INFORMATION_FORMAT = dwarf;
				ENABLE_STRICT_OBJC_MSGSEND = YES;
				ENABLE_TESTABILITY = YES;
				ENABLE_USER_SCRIPT_SANDBOXING = YES;
				GCC_C_LANGUAGE_STANDARD = gnu17;
				GCC_DYNAMIC_NO_PIC = NO;
				GCC_NO_COMMON_BLOCKS = YES;
				GCC_OPTIMIZATION_LEVEL = 0;
				GCC_PREPROCESSOR_DEFINITIONS = (
					"DEBUG=1",
					"$(inherited)",
				);
				GCC_WARN_64_TO_32_BIT_CONVERSION = YES;
				GCC_WARN_ABOUT_RETURN_TYPE = YES_ERROR;
				GCC_WARN_UNDECLARED_SELECTOR = YES;
				GCC_WARN_UNINITIALIZED_AUTOS = YES_AGGRESSIVE;
				GCC_WARN_UNUSED_FUNCTION = YES;
				GCC_WARN_UNUSED_VARIABLE = YES;
				LOCALIZATION_PREFERS_STRING_CATALOGS = YES;
				MACOSX_DEPLOYMENT_TARGET = 14.6;
				MTL_ENABLE_DEBUG_INFO = INCLUDE_SOURCE;
				MTL_FAST_MATH = YES;
				ONLY_ACTIVE_ARCH = YES;
				SDKROOT = macosx;
				SWIFT_ACTIVE_COMPILATION_CONDITIONS = "DEBUG $(inherited)";
				SWIFT_OPTIMIZATION_LEVEL = "-Onone";
			};
			name = Debug;
		};
		5F88CD7830073E2400221779 /* Release */ = {
			isa = XCBuildConfiguration;
			buildSettings = {
				ALWAYS_SEARCH_USER_PATHS = NO;
				ASSETCATALOG_COMPILER_GENERATE_SWIFT_ASSET_SYMBOL_EXTENSIONS = YES;
				CLANG_ANALYZER_NONNULL = YES;
				CLANG_ANALYZER_NUMBER_OBJECT_CONVERSION = YES_AGGRESSIVE;
				CLANG_CXX_LANGUAGE_STANDARD = "gnu++20";
				CLANG_ENABLE_MODULES = YES;
				CLANG_ENABLE_OBJC_ARC = YES;
				CLANG_ENABLE_OBJC_WEAK = YES;
				CLANG_WARN_BLOCK_CAPTURE_AUTORELEASING = YES;
				CLANG_WARN_BOOL_CONVERSION = YES;
				CLANG_WARN_COMMA = YES;
				CLANG_WARN_CONSTANT_CONVERSION = YES;
				CLANG_WARN_DEPRECATED_OBJC_IMPLEMENTATIONS = YES;
				CLANG_WARN_DIRECT_OBJC_ISA_USAGE = YES_ERROR;
				CLANG_WARN_DOCUMENTATION_COMMENTS = YES;
				CLANG_WARN_EMPTY_BODY = YES;
				CLANG_WARN_ENUM_CONVERSION = YES;
				CLANG_WARN_INFINITE_RECURSION = YES;
				CLANG_WARN_INT_CONVERSION = YES;
				CLANG_WARN_NON_LITERAL_NULL_CONVERSION = YES;
				CLANG_WARN_OBJC_IMPLICIT_RETAIN_SELF = YES;
				CLANG_WARN_OBJC_LITERAL_CONVERSION = YES;
				CLANG_WARN_OBJC_ROOT_CLASS = YES_ERROR;
				CLANG_WARN_QUOTED_INCLUDE_IN_FRAMEWORK_HEADER = YES;
				CLANG_WARN_RANGE_LOOP_ANALYSIS = YES;
				CLANG_WARN_STRICT_PROTOTYPES = YES;
				CLANG_WARN_SUSPICIOUS_MOVE = YES;
				CLANG_WARN_UNGUARDED_AVAILABILITY = YES_AGGRESSIVE;
				CLANG_WARN_UNREACHABLE_CODE = YES;
				CLANG_WARN__DUPLICATE_METHOD_MATCH = YES;
				COPY_PHASE_STRIP = NO;
				DEBUG_INFORMATION_FORMAT = "dwarf-with-dsym";
				ENABLE_NS_ASSERTIONS = NO;
				ENABLE_STRICT_OBJC_MSGSEND = YES;
				ENABLE_USER_SCRIPT_SANDBOXING = YES;
				GCC_C_LANGUAGE_STANDARD = gnu17;
				GCC_NO_COMMON_BLOCKS = YES;
				GCC_WARN_64_TO_32_BIT_CONVERSION = YES;
				GCC_WARN_ABOUT_RETURN_TYPE = YES_ERROR;
				GCC_WARN_UNDECLARED_SELECTOR = YES;
				GCC_WARN_UNINITIALIZED_AUTOS = YES_AGGRESSIVE;
				GCC_WARN_UNUSED_FUNCTION = YES;
				GCC_WARN_UNUSED_VARIABLE = YES;
				LOCALIZATION_PREFERS_STRING_CATALOGS = YES;
				MACOSX_DEPLOYMENT_TARGET = 14.6;
				MTL_ENABLE_DEBUG_INFO = NO;
				MTL_FAST_MATH = YES;
				SDKROOT = macosx;
				SWIFT_COMPILATION_MODE = wholemodule;
			};
			name = Release;
		};
		5F88CD7A30073E2400221779 /* Debug */ = {
			isa = XCBuildConfiguration;
			buildSettings = {
				ASSETCATALOG_COMPILER_APPICON_NAME = AppIcon;
				ASSETCATALOG_COMPILER_GLOBAL_ACCENT_COLOR_NAME = AccentColor;
				CODE_SIGN_ENTITLEMENTS = Sip/Sip.entitlements;
				CODE_SIGN_STYLE = Automatic;
				COMBINE_HIDPI_IMAGES = YES;
				CURRENT_PROJECT_VERSION = 7;
				DEVELOPMENT_ASSET_PATHS = "\"Sip/Preview Content\"";
				ENABLE_PREVIEWS = YES;
				GENERATE_INFOPLIST_FILE = YES;
				INFOPLIST_KEY_NSHumanReadableCopyright = "";
				LD_RUNPATH_SEARCH_PATHS = (
					"$(inherited)",
					"@executable_path/../Frameworks",
				);
				MARKETING_VERSION = 1.1.5;
				PRODUCT_BUNDLE_IDENTIFIER = com.liao.Sip;
				PRODUCT_NAME = "$(TARGET_NAME)";
				SWIFT_EMIT_LOC_STRINGS = YES;
				SWIFT_VERSION = 5.0;
			};
			name = Debug;
		};
		5F88CD7B30073E2400221779 /* Release */ = {
			isa = XCBuildConfiguration;
			buildSettings = {
				ASSETCATALOG_COMPILER_APPICON_NAME = AppIcon;
				ASSETCATALOG_COMPILER_GLOBAL_ACCENT_COLOR_NAME = AccentColor;
				CODE_SIGN_ENTITLEMENTS = Sip/Sip.entitlements;
				CODE_SIGN_STYLE = Automatic;
				COMBINE_HIDPI_IMAGES = YES;
				CURRENT_PROJECT_VERSION = 7;
				DEVELOPMENT_ASSET_PATHS = "\"Sip/Preview Content\"";
				ENABLE_PREVIEWS = YES;
				GENERATE_INFOPLIST_FILE = YES;
				INFOPLIST_KEY_NSHumanReadableCopyright = "";
				LD_RUNPATH_SEARCH_PATHS = (
					"$(inherited)",
					"@executable_path/../Frameworks",
				);
				MARKETING_VERSION = 1.1.5;
				PRODUCT_BUNDLE_IDENTIFIER = com.liao.Sip;
				PRODUCT_NAME = "$(TARGET_NAME)";
				SWIFT_EMIT_LOC_STRINGS = YES;
				SWIFT_VERSION = 5.0;
			};
			name = Release;
		};
		5F88CD7D30073E2400221779 /* Debug */ = {
			isa = XCBuildConfiguration;
			buildSettings = {
				BUNDLE_LOADER = "$(TEST_HOST)";
				CODE_SIGN_STYLE = Automatic;
				CURRENT_PROJECT_VERSION = 7;
				GENERATE_INFOPLIST_FILE = YES;
				MACOSX_DEPLOYMENT_TARGET = 14.6;
				MARKETING_VERSION = 1.1.5;
				PRODUCT_BUNDLE_IDENTIFIER = com.liao.SipTests;
				PRODUCT_NAME = "$(TARGET_NAME)";
				SWIFT_EMIT_LOC_STRINGS = NO;
				SWIFT_VERSION = 5.0;
				TEST_HOST = "$(BUILT_PRODUCTS_DIR)/Sip.app/$(BUNDLE_EXECUTABLE_FOLDER_PATH)/Sip";
			};
			name = Debug;
		};
		5F88CD7E30073E2400221779 /* Release */ = {
			isa = XCBuildConfiguration;
			buildSettings = {
				BUNDLE_LOADER = "$(TEST_HOST)";
				CODE_SIGN_STYLE = Automatic;
				CURRENT_PROJECT_VERSION = 7;
				GENERATE_INFOPLIST_FILE = YES;
				MACOSX_DEPLOYMENT_TARGET = 14.6;
				MARKETING_VERSION = 1.1.5;
				PRODUCT_BUNDLE_IDENTIFIER = com.liao.SipTests;
				PRODUCT_NAME = "$(TARGET_NAME)";
				SWIFT_EMIT_LOC_STRINGS = NO;
				SWIFT_VERSION = 5.0;
				TEST_HOST = "$(BUILT_PRODUCTS_DIR)/Sip.app/$(BUNDLE_EXECUTABLE_FOLDER_PATH)/Sip";
			};
			name = Release;
		};
		5F88CD8030073E2400221779 /* Debug */ = {
			isa = XCBuildConfiguration;
			buildSettings = {
				CODE_SIGN_STYLE = Automatic;
				CURRENT_PROJECT_VERSION = 7;
				GENERATE_INFOPLIST_FILE = YES;
				MARKETING_VERSION = 1.1.5;
				PRODUCT_BUNDLE_IDENTIFIER = com.liao.SipUITests;
				PRODUCT_NAME = "$(TARGET_NAME)";
				SWIFT_EMIT_LOC_STRINGS = NO;
				SWIFT_VERSION = 5.0;
				TEST_TARGET_NAME = Sip;
			};
			name = Debug;
		};
		5F88CD8130073E2400221779 /* Release */ = {
			isa = XCBuildConfiguration;
			buildSettings = {
				CODE_SIGN_STYLE = Automatic;
				CURRENT_PROJECT_VERSION = 7;
				GENERATE_INFOPLIST_FILE = YES;
				MARKETING_VERSION = 1.1.5;
				PRODUCT_BUNDLE_IDENTIFIER = com.liao.SipUITests;
				PRODUCT_NAME = "$(TARGET_NAME)";
				SWIFT_EMIT_LOC_STRINGS = NO;
				SWIFT_VERSION = 5.0;
				TEST_TARGET_NAME = Sip;
			};
			name = Release;
		};
/* End XCBuildConfiguration section */

/* Begin XCConfigurationList section */
		5F88CD4F30073E2200221779 /* Build configuration list for PBXProject "Sip" */ = {
			isa = XCConfigurationList;
			buildConfigurations = (
				5F88CD7730073E2400221779 /* Debug */,
				5F88CD7830073E2400221779 /* Release */,
			);
			defaultConfigurationIsVisible = 0;
			defaultConfigurationName = Release;
		};
		5F88CD7930073E2400221779 /* Build configuration list for PBXNativeTarget "Sip" */ = {
			isa = XCConfigurationList;
			buildConfigurations = (
				5F88CD7A30073E2400221779 /* Debug */,
				5F88CD7B30073E2400221779 /* Release */,
			);
			defaultConfigurationIsVisible = 0;
			defaultConfigurationName = Release;
		};
		5F88CD7C30073E2400221779 /* Build configuration list for PBXNativeTarget "SipTests" */ = {
			isa = XCConfigurationList;
			buildConfigurations = (
				5F88CD7D30073E2400221779 /* Debug */,
				5F88CD7E30073E2400221779 /* Release */,
			);
			defaultConfigurationIsVisible = 0;
			defaultConfigurationName = Release;
		};
		5F88CD7F30073E2400221779 /* Build configuration list for PBXNativeTarget "SipUITests" */ = {
			isa = XCConfigurationList;
			buildConfigurations = (
				5F88CD8030073E2400221779 /* Debug */,
				5F88CD8130073E2400221779 /* Release */,
			);
			defaultConfigurationIsVisible = 0;
			defaultConfigurationName = Release;
		};
/* End XCConfigurationList section */
	};
	rootObject = 5F88CD4C30073E2200221779 /* Project object */;
}
